
Microsoft Visual Studio Solution File, Format Version 12.00
# Visual Studio Version 16
VisualStudioVersion = 16.0.29521.150
MinimumVisualStudioVersion = 10.0.40219.1
Project("{9A19103F-16F7-4668-BE54-9A1E7A4F7556}") = "DbConnectionProvider", "DbConnectionProvider\DbConnectionProvider.csproj", "{3D5ADDD8-6311-4EC7-89CC-CF7F7F7DD256}"
EndProject
Project("{FAE04EC0-301F-11D3-BF4B-00C04F79EFBC}") = "DbConnectionProvider.Abstractions", "DbConnectionProvider.Abstractions\DbConnectionProvider.Abstractions.csproj", "{50165223-56DF-4141-8C91-5EA9CFFEC191}"
EndProject
Project("{FAE04EC0-301F-11D3-BF4B-00C04F79EFBC}") = "DbConnectionProvider.SqlServer", "DbConnectionProvider.SqlServer\DbConnectionProvider.SqlServer.csproj", "{22E917C7-B3AA-486C-AE33-3D82479BCF32}"
EndProject
Global
	GlobalSection(SolutionConfigurationPlatforms) = preSolution
		Debug|Any CPU = Debug|Any CPU
		Release|Any CPU = Release|Any CPU
	EndGlobalSection
	GlobalSection(ProjectConfigurationPlatforms) = postSolution
		{3D5ADDD8-6311-4EC7-89CC-CF7F7F7DD256}.Debug|Any CPU.ActiveCfg = Debug|Any CPU
		{3D5ADDD8-6311-4EC7-89CC-CF7F7F7DD256}.Debug|Any CPU.Build.0 = Debug|Any CPU
		{3D5ADDD8-6311-4EC7-89CC-CF7F7F7DD256}.Release|Any CPU.ActiveCfg = Release|Any CPU
		{3D5ADDD8-6311-4EC7-89CC-CF7F7F7DD256}.Release|Any CPU.Build.0 = Release|Any CPU
		{50165223-56DF-4141-8C91-5EA9CFFEC191}.Debug|Any CPU.ActiveCfg = Debug|Any CPU
		{50165223-56DF-4141-8C91-5EA9CFFEC191}.Debug|Any CPU.Build.0 = Debug|Any CPU
		{50165223-56DF-4141-8C91-5EA9CFFEC191}.Release|Any CPU.ActiveCfg = Release|Any CPU
		{50165223-56DF-4141-8C91-5EA9CFFEC191}.Release|Any CPU.Build.0 = Release|Any CPU
		{22E917C7-B3AA-486C-AE33-3D82479BCF32}.Debug|Any CPU.ActiveCfg = Debug|Any CPU
		{22E917C7-B3AA-486C-AE33-3D82479BCF32}.Debug|Any CPU.Build.0 = Debug|Any CPU
		{22E917C7-B3AA-486C-AE33-3D82479BCF32}.Release|Any CPU.ActiveCfg = Release|Any CPU
		{22E917C7-B3AA-486C-AE33-3D82479BCF32}.Release|Any CPU.Build.0 = Release|Any CPU
	EndGlobalSection
	GlobalSection(SolutionProperties) = preSolution
		HideSolutionNode = FALSE
	EndGlobalSection
	GlobalSection(ExtensibilityGlobals) = postSolution
		SolutionGuid = {4CE602D6-732F-4D31-9D1E-04583FACBF90}
	EndGlobalSection
EndGlobal
