
Microsoft Visual Studio Solution File, Format Version 12.00
# Visual Studio Version 16
VisualStudioVersion = 16.0.29521.150
MinimumVisualStudioVersion = 10.0.40219.1
Project("{9A19103F-16F7-4668-BE54-9A1E7A4F7556}") = "DbConnectionProvider", "DbConnectionProvider\DbConnectionProvider.csproj", "{3D5ADDD8-6311-4EC7-89CC-CF7F7F7DD256}"
EndProject
Project("{9A19103F-16F7-4668-BE54-9A1E7A4F7556}") = "DbConnectionProvider.Abstractions", "DbConnectionProvider.Abstractions\DbConnectionProvider.Abstractions.csproj", "{E6FF922C-103C-478A-8E1C-C57235525737}"
EndProject
Project("{FAE04EC0-301F-11D3-BF4B-00C04F79EFBC}") = "DbConnectionProvider.Configuration", "DbConnectionProvider.Configuration\DbConnectionProvider.Configuration.csproj", "{3714726A-8DA1-41D8-88FF-3879EA63E4E7}"
EndProject
Global
	GlobalSection(SolutionConfigurationPlatforms) = preSolution
		Debug|Any CPU = Debug|Any CPU
		Release|Any CPU = Release|Any CPU
	EndGlobalSection
	GlobalSection(ProjectConfigurationPlatforms) = postSolution
		{3D5ADDD8-6311-4EC7-89CC-CF7F7F7DD256}.Debug|Any CPU.ActiveCfg = Debug|Any CPU
		{3D5ADDD8-6311-4EC7-89CC-CF7F7F7DD256}.Debug|Any CPU.Build.0 = Debug|Any CPU
		{3D5ADDD8-6311-4EC7-89CC-CF7F7F7DD256}.Release|Any CPU.ActiveCfg = Release|Any CPU
		{3D5ADDD8-6311-4EC7-89CC-CF7F7F7DD256}.Release|Any CPU.Build.0 = Release|Any CPU
		{E6FF922C-103C-478A-8E1C-C57235525737}.Debug|Any CPU.ActiveCfg = Debug|Any CPU
		{E6FF922C-103C-478A-8E1C-C57235525737}.Debug|Any CPU.Build.0 = Debug|Any CPU
		{E6FF922C-103C-478A-8E1C-C57235525737}.Release|Any CPU.ActiveCfg = Release|Any CPU
		{E6FF922C-103C-478A-8E1C-C57235525737}.Release|Any CPU.Build.0 = Release|Any CPU
		{3714726A-8DA1-41D8-88FF-3879EA63E4E7}.Debug|Any CPU.ActiveCfg = Debug|Any CPU
		{3714726A-8DA1-41D8-88FF-3879EA63E4E7}.Debug|Any CPU.Build.0 = Debug|Any CPU
		{3714726A-8DA1-41D8-88FF-3879EA63E4E7}.Release|Any CPU.ActiveCfg = Release|Any CPU
		{3714726A-8DA1-41D8-88FF-3879EA63E4E7}.Release|Any CPU.Build.0 = Release|Any CPU
	EndGlobalSection
	GlobalSection(SolutionProperties) = preSolution
		HideSolutionNode = FALSE
	EndGlobalSection
	GlobalSection(ExtensibilityGlobals) = postSolution
		SolutionGuid = {4CE602D6-732F-4D31-9D1E-04583FACBF90}
	EndGlobalSection
EndGlobal
